{
  "object": {
    "pins": [
      {
        "package": "DjinniSupport",
        "repositoryURL": "https://github.com/UbiqueInnovation/djinni.git",
        "state": {
          "branch": null,
          "revision": "fa5599869ee330886f053db31bb724cd95a01500",
          "version": "1.0.1"
        }
      },
      {
        "package": "MapCore",
        "repositoryURL": "https://github.com/openmobilemaps/maps-core.git",
        "state": {
          "branch": "develop",
          "revision": "47305c8035824539e348633f807741389d500459",
          "version": null
        }
      },
      {
        "package": "UBKit",
        "repositoryURL": "https://github.com/UbiqueInnovation/ubkit-ios",
        "state": {
          "branch": null,
          "revision": "dd32ca845cb177a1dd59783c6a43a00db3584667",
          "version": "1.5.0"
        }
      }
    ]
  },
  "version": 1
}
